// !$*UTF8*$!
{
	archiveVersion = 1;
	classes = {
	};
	objectVersion = 55;
	objects = {

/* Begin PBXBuildFile section */
		0C634E0328881DF000A4BE2D /* Constant.swift in Sources */ = {isa = PBXBuildFile; fileRef = 0C634E0228881DF000A4BE2D /* Constant.swift */; };
		0C634E052888276800A4BE2D /* UIView.swift in Sources */ = {isa = PBXBuildFile; fileRef = 0C634E042888276800A4BE2D /* UIView.swift */; };
		0C664C1A2884FEC50067F538 /* AppDelegate.swift in Sources */ = {isa = PBXBuildFile; fileRef = 0C664C192884FEC50067F538 /* AppDelegate.swift */; };
		0C664C1C2884FEC50067F538 /* SceneDelegate.swift in Sources */ = {isa = PBXBuildFile; fileRef = 0C664C1B2884FEC50067F538 /* SceneDelegate.swift */; };
		0C664C1E2884FEC50067F538 /* ViewController.swift in Sources */ = {isa = PBXBuildFile; fileRef = 0C664C1D2884FEC50067F538 /* ViewController.swift */; };
		0C664C212884FEC50067F538 /* Main.storyboard in Resources */ = {isa = PBXBuildFile; fileRef = 0C664C1F2884FEC50067F538 /* Main.storyboard */; };
		0C664C232884FEC70067F538 /* Assets.xcassets in Resources */ = {isa = PBXBuildFile; fileRef = 0C664C222884FEC70067F538 /* Assets.xcassets */; };
		0C664C262884FEC70067F538 /* LaunchScreen.storyboard in Resources */ = {isa = PBXBuildFile; fileRef = 0C664C242884FEC70067F538 /* LaunchScreen.storyboard */; };
		0C664C2E288501430067F538 /* PickerViewController.swift in Sources */ = {isa = PBXBuildFile; fileRef = 0C664C2D288501430067F538 /* PickerViewController.swift */; };
		0C664C3228851EEC0067F538 /* GoogleService-Info.plist in Resources */ = {isa = PBXBuildFile; fileRef = 0C664C3128851EEC0067F538 /* GoogleService-Info.plist */; };
		0C664C35288520F00067F538 /* FirebaseAnalytics in Frameworks */ = {isa = PBXBuildFile; productRef = 0C664C34288520F00067F538 /* FirebaseAnalytics */; };
		0C664C37288520F00067F538 /* FirebaseAnalyticsOnDeviceConversion in Frameworks */ = {isa = PBXBuildFile; productRef = 0C664C36288520F00067F538 /* FirebaseAnalyticsOnDeviceConversion */; };
		0C664C39288520F00067F538 /* FirebaseAnalyticsSwift in Frameworks */ = {isa = PBXBuildFile; productRef = 0C664C38288520F00067F538 /* FirebaseAnalyticsSwift */; };
		0C664C3B288520F00067F538 /* FirebaseAnalyticsWithoutAdIdSupport in Frameworks */ = {isa = PBXBuildFile; productRef = 0C664C3A288520F00067F538 /* FirebaseAnalyticsWithoutAdIdSupport */; };
		0C664C3D288520F00067F538 /* FirebaseCrashlytics in Frameworks */ = {isa = PBXBuildFile; productRef = 0C664C3C288520F00067F538 /* FirebaseCrashlytics */; };
		0C664C3F288520F00067F538 /* FirebaseDynamicLinks in Frameworks */ = {isa = PBXBuildFile; productRef = 0C664C3E288520F00067F538 /* FirebaseDynamicLinks */; };
		0C664C41288520F00067F538 /* FirebaseInAppMessaging-Beta in Frameworks */ = {isa = PBXBuildFile; productRef = 0C664C40288520F00067F538 /* FirebaseInAppMessaging-Beta */; };
		0C664C43288520F00067F538 /* FirebaseInAppMessagingSwift-Beta in Frameworks */ = {isa = PBXBuildFile; productRef = 0C664C42288520F00067F538 /* FirebaseInAppMessagingSwift-Beta */; };
		0C664C45288520F00067F538 /* FirebaseMessaging in Frameworks */ = {isa = PBXBuildFile; productRef = 0C664C44288520F00067F538 /* FirebaseMessaging */; };
		0C664C47288520F00067F538 /* FirebaseRemoteConfig in Frameworks */ = {isa = PBXBuildFile; productRef = 0C664C46288520F00067F538 /* FirebaseRemoteConfig */; };
		0C664C49288520F00067F538 /* FirebaseRemoteConfigSwift in Frameworks */ = {isa = PBXBuildFile; productRef = 0C664C48288520F00067F538 /* FirebaseRemoteConfigSwift */; };
		0C664C4B288521E70067F538 /* Property List.plist in Resources */ = {isa = PBXBuildFile; fileRef = 0C664C4A288521E70067F538 /* Property List.plist */; };
		0C664C4E28852C380067F538 /* FirebaseAnalytics in Frameworks */ = {isa = PBXBuildFile; productRef = 0C664C4D28852C380067F538 /* FirebaseAnalytics */; };
		0C664C5028852C380067F538 /* FirebaseAnalyticsOnDeviceConversion in Frameworks */ = {isa = PBXBuildFile; productRef = 0C664C4F28852C380067F538 /* FirebaseAnalyticsOnDeviceConversion */; };
		0C664C5228852C380067F538 /* FirebaseAnalyticsSwift in Frameworks */ = {isa = PBXBuildFile; productRef = 0C664C5128852C380067F538 /* FirebaseAnalyticsSwift */; };
		0C664C5428852C380067F538 /* FirebaseAnalyticsWithoutAdIdSupport in Frameworks */ = {isa = PBXBuildFile; productRef = 0C664C5328852C380067F538 /* FirebaseAnalyticsWithoutAdIdSupport */; };
		0C664C5628852C380067F538 /* FirebaseAppCheck in Frameworks */ = {isa = PBXBuildFile; productRef = 0C664C5528852C380067F538 /* FirebaseAppCheck */; };
		0C664C5828852C380067F538 /* FirebaseAppDistribution-Beta in Frameworks */ = {isa = PBXBuildFile; productRef = 0C664C5728852C380067F538 /* FirebaseAppDistribution-Beta */; };
		0C664C5A28852C380067F538 /* FirebaseAuth in Frameworks */ = {isa = PBXBuildFile; productRef = 0C664C5928852C380067F538 /* FirebaseAuth */; };
		0C664C5C28852C380067F538 /* FirebaseAuthCombine-Community in Frameworks */ = {isa = PBXBuildFile; productRef = 0C664C5B28852C380067F538 /* FirebaseAuthCombine-Community */; };
		0C664C5E28852C380067F538 /* FirebaseCrashlytics in Frameworks */ = {isa = PBXBuildFile; productRef = 0C664C5D28852C380067F538 /* FirebaseCrashlytics */; };
		0C664C6028852C380067F538 /* FirebaseDatabase in Frameworks */ = {isa = PBXBuildFile; productRef = 0C664C5F28852C380067F538 /* FirebaseDatabase */; };
		0C664C6228852C380067F538 /* FirebaseDatabaseSwift in Frameworks */ = {isa = PBXBuildFile; productRef = 0C664C6128852C380067F538 /* FirebaseDatabaseSwift */; };
		0C664C6428852C380067F538 /* FirebaseDynamicLinks in Frameworks */ = {isa = PBXBuildFile; productRef = 0C664C6328852C380067F538 /* FirebaseDynamicLinks */; };
		0C664C6628852C380067F538 /* FirebaseFirestore in Frameworks */ = {isa = PBXBuildFile; productRef = 0C664C6528852C380067F538 /* FirebaseFirestore */; };
		0C664C6828852C380067F538 /* FirebaseFirestoreCombine-Community in Frameworks */ = {isa = PBXBuildFile; productRef = 0C664C6728852C380067F538 /* FirebaseFirestoreCombine-Community */; };
		0C664C6A28852C380067F538 /* FirebaseFirestoreSwift in Frameworks */ = {isa = PBXBuildFile; productRef = 0C664C6928852C380067F538 /* FirebaseFirestoreSwift */; };
		0C664C6C28852C380067F538 /* FirebaseFunctions in Frameworks */ = {isa = PBXBuildFile; productRef = 0C664C6B28852C380067F538 /* FirebaseFunctions */; };
		0C664C6E28852C380067F538 /* FirebaseFunctionsCombine-Community in Frameworks */ = {isa = PBXBuildFile; productRef = 0C664C6D28852C380067F538 /* FirebaseFunctionsCombine-Community */; };
		0C664C7028852C380067F538 /* FirebaseInAppMessaging-Beta in Frameworks */ = {isa = PBXBuildFile; productRef = 0C664C6F28852C380067F538 /* FirebaseInAppMessaging-Beta */; };
		0C664C7228852C380067F538 /* FirebaseInAppMessagingSwift-Beta in Frameworks */ = {isa = PBXBuildFile; productRef = 0C664C7128852C380067F538 /* FirebaseInAppMessagingSwift-Beta */; };
		0C664C7428852C380067F538 /* FirebaseInstallations in Frameworks */ = {isa = PBXBuildFile; productRef = 0C664C7328852C380067F538 /* FirebaseInstallations */; };
		0C664C7628852C380067F538 /* FirebaseMLModelDownloader in Frameworks */ = {isa = PBXBuildFile; productRef = 0C664C7528852C380067F538 /* FirebaseMLModelDownloader */; };
		0C664C7828852C380067F538 /* FirebaseMessaging in Frameworks */ = {isa = PBXBuildFile; productRef = 0C664C7728852C380067F538 /* FirebaseMessaging */; };
		0C664C7A28852C380067F538 /* FirebasePerformance in Frameworks */ = {isa = PBXBuildFile; productRef = 0C664C7928852C380067F538 /* FirebasePerformance */; };
		0C664C7C28852C380067F538 /* FirebaseRemoteConfig in Frameworks */ = {isa = PBXBuildFile; productRef = 0C664C7B28852C380067F538 /* FirebaseRemoteConfig */; };
		0C664C7E28852C380067F538 /* FirebaseRemoteConfigSwift in Frameworks */ = {isa = PBXBuildFile; productRef = 0C664C7D28852C380067F538 /* FirebaseRemoteConfigSwift */; };
		0C664C8028852C380067F538 /* FirebaseStorage in Frameworks */ = {isa = PBXBuildFile; productRef = 0C664C7F28852C380067F538 /* FirebaseStorage */; };
		0C664C8228852C380067F538 /* FirebaseStorageCombine-Community in Frameworks */ = {isa = PBXBuildFile; productRef = 0C664C8128852C380067F538 /* FirebaseStorageCombine-Community */; };
		0C664C8428854A320067F538 /* TopCollectionViewCell.swift in Sources */ = {isa = PBXBuildFile; fileRef = 0C664C8328854A320067F538 /* TopCollectionViewCell.swift */; };
		0C664C8628854A3B0067F538 /* BottomCollectionViewCell.swift in Sources */ = {isa = PBXBuildFile; fileRef = 0C664C8528854A3B0067F538 /* BottomCollectionViewCell.swift */; };
		0C664C8828864E580067F538 /* PHAssetCollection.swift in Sources */ = {isa = PBXBuildFile; fileRef = 0C664C8728864E580067F538 /* PHAssetCollection.swift */; };
		0CB6E7DB288678E60011BCA8 /* AlbumCollectionViewCell.swift in Sources */ = {isa = PBXBuildFile; fileRef = 0CB6E7DA288678E60011BCA8 /* AlbumCollectionViewCell.swift */; };
		0CBF5CE62887C8760092AC40 /* AlbumsViewController.swift in Sources */ = {isa = PBXBuildFile; fileRef = 0CBF5CE52887C8760092AC40 /* AlbumsViewController.swift */; };
		0CBF5CE82887DB320092AC40 /* PHAsset.swift in Sources */ = {isa = PBXBuildFile; fileRef = 0CBF5CE72887DB320092AC40 /* PHAsset.swift */; };
		0CBF5CEC288925BC0092AC40 /* PickerViewModel.swift in Sources */ = {isa = PBXBuildFile; fileRef = 0CBF5CEB288925BC0092AC40 /* PickerViewModel.swift */; };
		0CEAE27E28BF18B0004B5037 /* AlbumViewModel.swift in Sources */ = {isa = PBXBuildFile; fileRef = 0CEAE27D28BF18B0004B5037 /* AlbumViewModel.swift */; };
		0CEAE28528C03383004B5037 /* ImageData.swift in Sources */ = {isa = PBXBuildFile; fileRef = 0CEAE28428C03383004B5037 /* ImageData.swift */; };
		0CEAE28928C1E05E004B5037 /* DummyViewController.swift in Sources */ = {isa = PBXBuildFile; fileRef = 0CEAE28828C1E05E004B5037 /* DummyViewController.swift */; };
/* End PBXBuildFile section */

/* Begin PBXFileReference section */
		0C634E0228881DF000A4BE2D /* Constant.swift */ = {isa = PBXFileReference; lastKnownFileType = sourcecode.swift; path = Constant.swift; sourceTree = "<group>"; };
		0C634E042888276800A4BE2D /* UIView.swift */ = {isa = PBXFileReference; lastKnownFileType = sourcecode.swift; path = UIView.swift; sourceTree = "<group>"; };
		0C664C162884FEC50067F538 /* PhotyPicker.app */ = {isa = PBXFileReference; explicitFileType = wrapper.application; includeInIndex = 0; path = PhotyPicker.app; sourceTree = BUILT_PRODUCTS_DIR; };
		0C664C192884FEC50067F538 /* AppDelegate.swift */ = {isa = PBXFileReference; lastKnownFileType = sourcecode.swift; path = AppDelegate.swift; sourceTree = "<group>"; };
		0C664C1B2884FEC50067F538 /* SceneDelegate.swift */ = {isa = PBXFileReference; lastKnownFileType = sourcecode.swift; path = SceneDelegate.swift; sourceTree = "<group>"; };
		0C664C1D2884FEC50067F538 /* ViewController.swift */ = {isa = PBXFileReference; lastKnownFileType = sourcecode.swift; path = ViewController.swift; sourceTree = "<group>"; };
		0C664C202884FEC50067F538 /* Base */ = {isa = PBXFileReference; lastKnownFileType = file.storyboard; name = Base; path = Base.lproj/Main.storyboard; sourceTree = "<group>"; };
		0C664C222884FEC70067F538 /* Assets.xcassets */ = {isa = PBXFileReference; lastKnownFileType = folder.assetcatalog; path = Assets.xcassets; sourceTree = "<group>"; };
		0C664C252884FEC70067F538 /* Base */ = {isa = PBXFileReference; lastKnownFileType = file.storyboard; name = Base; path = Base.lproj/LaunchScreen.storyboard; sourceTree = "<group>"; };
		0C664C272884FEC70067F538 /* Info.plist */ = {isa = PBXFileReference; lastKnownFileType = text.plist.xml; path = Info.plist; sourceTree = "<group>"; };
		0C664C2D288501430067F538 /* PickerViewController.swift */ = {isa = PBXFileReference; lastKnownFileType = sourcecode.swift; path = PickerViewController.swift; sourceTree = "<group>"; };
		0C664C3128851EEC0067F538 /* GoogleService-Info.plist */ = {isa = PBXFileReference; fileEncoding = 4; lastKnownFileType = text.plist.xml; path = "GoogleService-Info.plist"; sourceTree = "<group>"; };
		0C664C4A288521E70067F538 /* Property List.plist */ = {isa = PBXFileReference; lastKnownFileType = text.plist.xml; path = "Property List.plist"; sourceTree = "<group>"; };
		0C664C8328854A320067F538 /* TopCollectionViewCell.swift */ = {isa = PBXFileReference; lastKnownFileType = sourcecode.swift; path = TopCollectionViewCell.swift; sourceTree = "<group>"; };
		0C664C8528854A3B0067F538 /* BottomCollectionViewCell.swift */ = {isa = PBXFileReference; lastKnownFileType = sourcecode.swift; path = BottomCollectionViewCell.swift; sourceTree = "<group>"; };
		0C664C8728864E580067F538 /* PHAssetCollection.swift */ = {isa = PBXFileReference; lastKnownFileType = sourcecode.swift; path = PHAssetCollection.swift; sourceTree = "<group>"; };
		0CB6E7DA288678E60011BCA8 /* AlbumCollectionViewCell.swift */ = {isa = PBXFileReference; lastKnownFileType = sourcecode.swift; path = AlbumCollectionViewCell.swift; sourceTree = "<group>"; };
		0CBF5CE52887C8760092AC40 /* AlbumsViewController.swift */ = {isa = PBXFileReference; lastKnownFileType = sourcecode.swift; path = AlbumsViewController.swift; sourceTree = "<group>"; };
		0CBF5CE72887DB320092AC40 /* PHAsset.swift */ = {isa = PBXFileReference; lastKnownFileType = sourcecode.swift; path = PHAsset.swift; sourceTree = "<group>"; };
		0CBF5CEB288925BC0092AC40 /* PickerViewModel.swift */ = {isa = PBXFileReference; lastKnownFileType = sourcecode.swift; path = PickerViewModel.swift; sourceTree = "<group>"; };
		0CEAE27D28BF18B0004B5037 /* AlbumViewModel.swift */ = {isa = PBXFileReference; lastKnownFileType = sourcecode.swift; path = AlbumViewModel.swift; sourceTree = "<group>"; };
		0CEAE28428C03383004B5037 /* ImageData.swift */ = {isa = PBXFileReference; lastKnownFileType = sourcecode.swift; path = ImageData.swift; sourceTree = "<group>"; };
		0CEAE28828C1E05E004B5037 /* DummyViewController.swift */ = {isa = PBXFileReference; lastKnownFileType = sourcecode.swift; path = DummyViewController.swift; sourceTree = "<group>"; };
/* End PBXFileReference section */

/* Begin PBXFrameworksBuildPhase section */
		0C664C132884FEC50067F538 /* Frameworks */ = {
			isa = PBXFrameworksBuildPhase;
			buildActionMask = 2147483647;
			files = (
				0C664C5628852C380067F538 /* FirebaseAppCheck in Frameworks */,
				0C664C45288520F00067F538 /* FirebaseMessaging in Frameworks */,
				0C664C7428852C380067F538 /* FirebaseInstallations in Frameworks */,
				0C664C5428852C380067F538 /* FirebaseAnalyticsWithoutAdIdSupport in Frameworks */,
				0C664C39288520F00067F538 /* FirebaseAnalyticsSwift in Frameworks */,
				0C664C4E28852C380067F538 /* FirebaseAnalytics in Frameworks */,
				0C664C8228852C380067F538 /* FirebaseStorageCombine-Community in Frameworks */,
				0C664C6628852C380067F538 /* FirebaseFirestore in Frameworks */,
				0C664C5028852C380067F538 /* FirebaseAnalyticsOnDeviceConversion in Frameworks */,
				0C664C6E28852C380067F538 /* FirebaseFunctionsCombine-Community in Frameworks */,
				0C664C7828852C380067F538 /* FirebaseMessaging in Frameworks */,
				0C664C8028852C380067F538 /* FirebaseStorage in Frameworks */,
				0C664C6A28852C380067F538 /* FirebaseFirestoreSwift in Frameworks */,
				0C664C5228852C380067F538 /* FirebaseAnalyticsSwift in Frameworks */,
				0C664C6828852C380067F538 /* FirebaseFirestoreCombine-Community in Frameworks */,
				0C664C41288520F00067F538 /* FirebaseInAppMessaging-Beta in Frameworks */,
				0C664C6228852C380067F538 /* FirebaseDatabaseSwift in Frameworks */,
				0C664C6428852C380067F538 /* FirebaseDynamicLinks in Frameworks */,
				0C664C7028852C380067F538 /* FirebaseInAppMessaging-Beta in Frameworks */,
				0C664C43288520F00067F538 /* FirebaseInAppMessagingSwift-Beta in Frameworks */,
				0C664C35288520F00067F538 /* FirebaseAnalytics in Frameworks */,
				0C664C49288520F00067F538 /* FirebaseRemoteConfigSwift in Frameworks */,
				0C664C7628852C380067F538 /* FirebaseMLModelDownloader in Frameworks */,
				0C664C7E28852C380067F538 /* FirebaseRemoteConfigSwift in Frameworks */,
				0C664C3D288520F00067F538 /* FirebaseCrashlytics in Frameworks */,
				0C664C6028852C380067F538 /* FirebaseDatabase in Frameworks */,
				0C664C37288520F00067F538 /* FirebaseAnalyticsOnDeviceConversion in Frameworks */,
				0C664C7C28852C380067F538 /* FirebaseRemoteConfig in Frameworks */,
				0C664C5A28852C380067F538 /* FirebaseAuth in Frameworks */,
				0C664C7228852C380067F538 /* FirebaseInAppMessagingSwift-Beta in Frameworks */,
				0C664C7A28852C380067F538 /* FirebasePerformance in Frameworks */,
				0C664C3B288520F00067F538 /* FirebaseAnalyticsWithoutAdIdSupport in Frameworks */,
				0C664C6C28852C380067F538 /* FirebaseFunctions in Frameworks */,
				0C664C5828852C380067F538 /* FirebaseAppDistribution-Beta in Frameworks */,
				0C664C3F288520F00067F538 /* FirebaseDynamicLinks in Frameworks */,
				0C664C5E28852C380067F538 /* FirebaseCrashlytics in Frameworks */,
				0C664C5C28852C380067F538 /* FirebaseAuthCombine-Community in Frameworks */,
				0C664C47288520F00067F538 /* FirebaseRemoteConfig in Frameworks */,
			);
			runOnlyForDeploymentPostprocessing = 0;
		};
/* End PBXFrameworksBuildPhase section */

/* Begin PBXGroup section */
		0C664C0D2884FEC50067F538 = {
			isa = PBXGroup;
			children = (
				0C664C182884FEC50067F538 /* PhotyPicker */,
				0C664C172884FEC50067F538 /* Products */,
			);
			sourceTree = "<group>";
		};
		0C664C172884FEC50067F538 /* Products */ = {
			isa = PBXGroup;
			children = (
				0C664C162884FEC50067F538 /* PhotyPicker.app */,
			);
			name = Products;
			sourceTree = "<group>";
		};
		0C664C182884FEC50067F538 /* PhotyPicker */ = {
			isa = PBXGroup;
			children = (
				0C634E0228881DF000A4BE2D /* Constant.swift */,
				0CEAE28228C0320E004B5037 /* Home */,
				0CEAE28128C031EB004B5037 /* Albums */,
				0CEAE28328C0322F004B5037 /* Picker */,
				0CEAE28028BF18E2004B5037 /* Extension */,
				0C664C272884FEC70067F538 /* Info.plist */,
				0CEAE27F28BF18B6004B5037 /* supporting */,
			);
			path = PhotyPicker;
			sourceTree = "<group>";
		};
		0CEAE27F28BF18B6004B5037 /* supporting */ = {
			isa = PBXGroup;
			children = (
				0C664C3128851EEC0067F538 /* GoogleService-Info.plist */,
				0C664C4A288521E70067F538 /* Property List.plist */,
				0C664C1F2884FEC50067F538 /* Main.storyboard */,
				0C664C222884FEC70067F538 /* Assets.xcassets */,
				0C664C242884FEC70067F538 /* LaunchScreen.storyboard */,
				0C664C1B2884FEC50067F538 /* SceneDelegate.swift */,
				0C664C192884FEC50067F538 /* AppDelegate.swift */,
			);
			path = supporting;
			sourceTree = "<group>";
		};
		0CEAE28028BF18E2004B5037 /* Extension */ = {
			isa = PBXGroup;
			children = (
				0CBF5CE72887DB320092AC40 /* PHAsset.swift */,
				0C634E042888276800A4BE2D /* UIView.swift */,
				0C664C8728864E580067F538 /* PHAssetCollection.swift */,
			);
			name = Extension;
			sourceTree = "<group>";
		};
		0CEAE28128C031EB004B5037 /* Albums */ = {
			isa = PBXGroup;
			children = (
				0CBF5CE52887C8760092AC40 /* AlbumsViewController.swift */,
				0CEAE27D28BF18B0004B5037 /* AlbumViewModel.swift */,
				0CB6E7DA288678E60011BCA8 /* AlbumCollectionViewCell.swift */,
			);
			path = Albums;
			sourceTree = "<group>";
		};
		0CEAE28228C0320E004B5037 /* Home */ = {
			isa = PBXGroup;
			children = (
				0C664C1D2884FEC50067F538 /* ViewController.swift */,
			);
			path = Home;
			sourceTree = "<group>";
		};
		0CEAE28328C0322F004B5037 /* Picker */ = {
			isa = PBXGroup;
			children = (
				0CEAE28428C03383004B5037 /* ImageData.swift */,
				0C664C2D288501430067F538 /* PickerViewController.swift */,
				0C664C8328854A320067F538 /* TopCollectionViewCell.swift */,
				0C664C8528854A3B0067F538 /* BottomCollectionViewCell.swift */,
				0CBF5CEB288925BC0092AC40 /* PickerViewModel.swift */,
				0CEAE28828C1E05E004B5037 /* DummyViewController.swift */,
			);
			path = Picker;
			sourceTree = "<group>";
		};
/* End PBXGroup section */

/* Begin PBXNativeTarget section */
		0C664C152884FEC50067F538 /* PhotyPicker */ = {
			isa = PBXNativeTarget;
			buildConfigurationList = 0C664C2A2884FEC70067F538 /* Build configuration list for PBXNativeTarget "PhotyPicker" */;
			buildPhases = (
				0C664C122884FEC50067F538 /* Sources */,
				0C664C132884FEC50067F538 /* Frameworks */,
				0C664C142884FEC50067F538 /* Resources */,
			);
			buildRules = (
			);
			dependencies = (
			);
			name = PhotyPicker;
			packageProductDependencies = (
				0C664C34288520F00067F538 /* FirebaseAnalytics */,
				0C664C36288520F00067F538 /* FirebaseAnalyticsOnDeviceConversion */,
				0C664C38288520F00067F538 /* FirebaseAnalyticsSwift */,
				0C664C3A288520F00067F538 /* FirebaseAnalyticsWithoutAdIdSupport */,
				0C664C3C288520F00067F538 /* FirebaseCrashlytics */,
				0C664C3E288520F00067F538 /* FirebaseDynamicLinks */,
				0C664C40288520F00067F538 /* FirebaseInAppMessaging-Beta */,
				0C664C42288520F00067F538 /* FirebaseInAppMessagingSwift-Beta */,
				0C664C44288520F00067F538 /* FirebaseMessaging */,
				0C664C46288520F00067F538 /* FirebaseRemoteConfig */,
				0C664C48288520F00067F538 /* FirebaseRemoteConfigSwift */,
				0C664C4D28852C380067F538 /* FirebaseAnalytics */,
				0C664C4F28852C380067F538 /* FirebaseAnalyticsOnDeviceConversion */,
				0C664C5128852C380067F538 /* FirebaseAnalyticsSwift */,
				0C664C5328852C380067F538 /* FirebaseAnalyticsWithoutAdIdSupport */,
				0C664C5528852C380067F538 /* FirebaseAppCheck */,
				0C664C5728852C380067F538 /* FirebaseAppDistribution-Beta */,
				0C664C5928852C380067F538 /* FirebaseAuth */,
				0C664C5B28852C380067F538 /* FirebaseAuthCombine-Community */,
				0C664C5D28852C380067F538 /* FirebaseCrashlytics */,
				0C664C5F28852C380067F538 /* FirebaseDatabase */,
				0C664C6128852C380067F538 /* FirebaseDatabaseSwift */,
				0C664C6328852C380067F538 /* FirebaseDynamicLinks */,
				0C664C6528852C380067F538 /* FirebaseFirestore */,
				0C664C6728852C380067F538 /* FirebaseFirestoreCombine-Community */,
				0C664C6928852C380067F538 /* FirebaseFirestoreSwift */,
				0C664C6B28852C380067F538 /* FirebaseFunctions */,
				0C664C6D28852C380067F538 /* FirebaseFunctionsCombine-Community */,
				0C664C6F28852C380067F538 /* FirebaseInAppMessaging-Beta */,
				0C664C7128852C380067F538 /* FirebaseInAppMessagingSwift-Beta */,
				0C664C7328852C380067F538 /* FirebaseInstallations */,
				0C664C7528852C380067F538 /* FirebaseMLModelDownloader */,
				0C664C7728852C380067F538 /* FirebaseMessaging */,
				0C664C7928852C380067F538 /* FirebasePerformance */,
				0C664C7B28852C380067F538 /* FirebaseRemoteConfig */,
				0C664C7D28852C380067F538 /* FirebaseRemoteConfigSwift */,
				0C664C7F28852C380067F538 /* FirebaseStorage */,
				0C664C8128852C380067F538 /* FirebaseStorageCombine-Community */,
			);
			productName = PhotyPicker;
			productReference = 0C664C162884FEC50067F538 /* PhotyPicker.app */;
			productType = "com.apple.product-type.application";
		};
/* End PBXNativeTarget section */

/* Begin PBXProject section */
		0C664C0E2884FEC50067F538 /* Project object */ = {
			isa = PBXProject;
			attributes = {
				BuildIndependentTargetsInParallel = 1;
				LastSwiftUpdateCheck = 1340;
				LastUpgradeCheck = 1340;
				TargetAttributes = {
					0C664C152884FEC50067F538 = {
						CreatedOnToolsVersion = 13.4.1;
					};
				};
			};
			buildConfigurationList = 0C664C112884FEC50067F538 /* Build configuration list for PBXProject "PhotyPicker" */;
			compatibilityVersion = "Xcode 13.0";
			developmentRegion = en;
			hasScannedForEncodings = 0;
			knownRegions = (
				en,
				Base,
			);
			mainGroup = 0C664C0D2884FEC50067F538;
			packageReferences = (
				0C664C33288520F00067F538 /* XCRemoteSwiftPackageReference "firebase-ios-sdk" */,
				0C664C4C28852C380067F538 /* XCRemoteSwiftPackageReference "firebase-ios-sdk" */,
			);
			productRefGroup = 0C664C172884FEC50067F538 /* Products */;
			projectDirPath = "";
			projectRoot = "";
			targets = (
				0C664C152884FEC50067F538 /* PhotyPicker */,
			);
		};
/* End PBXProject section */

/* Begin PBXResourcesBuildPhase section */
		0C664C142884FEC50067F538 /* Resources */ = {
			isa = PBXResourcesBuildPhase;
			buildActionMask = 2147483647;
			files = (
				0C664C262884FEC70067F538 /* LaunchScreen.storyboard in Resources */,
				0C664C3228851EEC0067F538 /* GoogleService-Info.plist in Resources */,
				0C664C232884FEC70067F538 /* Assets.xcassets in Resources */,
				0C664C4B288521E70067F538 /* Property List.plist in Resources */,
				0C664C212884FEC50067F538 /* Main.storyboard in Resources */,
			);
			runOnlyForDeploymentPostprocessing = 0;
		};
/* End PBXResourcesBuildPhase section */

/* Begin PBXSourcesBuildPhase section */
		0C664C122884FEC50067F538 /* Sources */ = {
			isa = PBXSourcesBuildPhase;
			buildActionMask = 2147483647;
			files = (
				0CEAE28528C03383004B5037 /* ImageData.swift in Sources */,
				0CEAE27E28BF18B0004B5037 /* AlbumViewModel.swift in Sources */,
				0C634E052888276800A4BE2D /* UIView.swift in Sources */,
				0C664C8428854A320067F538 /* TopCollectionViewCell.swift in Sources */,
				0C664C8628854A3B0067F538 /* BottomCollectionViewCell.swift in Sources */,
				0C664C1E2884FEC50067F538 /* ViewController.swift in Sources */,
				0CB6E7DB288678E60011BCA8 /* AlbumCollectionViewCell.swift in Sources */,
				0CBF5CE62887C8760092AC40 /* AlbumsViewController.swift in Sources */,
				0CBF5CEC288925BC0092AC40 /* PickerViewModel.swift in Sources */,
				0C664C1A2884FEC50067F538 /* AppDelegate.swift in Sources */,
				0C664C2E288501430067F538 /* PickerViewController.swift in Sources */,
				0C664C8828864E580067F538 /* PHAssetCollection.swift in Sources */,
				0C664C1C2884FEC50067F538 /* SceneDelegate.swift in Sources */,
				0CBF5CE82887DB320092AC40 /* PHAsset.swift in Sources */,
				0C634E0328881DF000A4BE2D /* Constant.swift in Sources */,
				0CEAE28928C1E05E004B5037 /* DummyViewController.swift in Sources */,
			);
			runOnlyForDeploymentPostprocessing = 0;
		};
/* End PBXSourcesBuildPhase section */

/* Begin PBXVariantGroup section */
		0C664C1F2884FEC50067F538 /* Main.storyboard */ = {
			isa = PBXVariantGroup;
			children = (
				0C664C202884FEC50067F538 /* Base */,
			);
			name = Main.storyboard;
			sourceTree = "<group>";
		};
		0C664C242884FEC70067F538 /* LaunchScreen.storyboard */ = {
			isa = PBXVariantGroup;
			children = (
				0C664C252884FEC70067F538 /* Base */,
			);
			name = LaunchScreen.storyboard;
			sourceTree = "<group>";
		};
/* End PBXVariantGroup section */

/* Begin XCBuildConfiguration section */
		0C664C282884FEC70067F538 /* Debug */ = {
			isa = XCBuildConfiguration;
			buildSettings = {
				ALWAYS_SEARCH_USER_PATHS = NO;
				CLANG_ANALYZER_NONNULL = YES;
				CLANG_ANALYZER_NUMBER_OBJECT_CONVERSION = YES_AGGRESSIVE;
				CLANG_CXX_LANGUAGE_STANDARD = "gnu++17";
				CLANG_ENABLE_MODULES = YES;
				CLANG_ENABLE_OBJC_ARC = YES;
				CLANG_ENABLE_OBJC_WEAK = YES;
				CLANG_WARN_BLOCK_CAPTURE_AUTORELEASING = YES;
				CLANG_WARN_BOOL_CONVERSION = YES;
				CLANG_WARN_COMMA = YES;
				CLANG_WARN_CONSTANT_CONVERSION = YES;
				CLANG_WARN_DEPRECATED_OBJC_IMPLEMENTATIONS = YES;
				CLANG_WARN_DIRECT_OBJC_ISA_USAGE = YES_ERROR;
				CLANG_WARN_DOCUMENTATION_COMMENTS = YES;
				CLANG_WARN_EMPTY_BODY = YES;
				CLANG_WARN_ENUM_CONVERSION = YES;
				CLANG_WARN_INFINITE_RECURSION = YES;
				CLANG_WARN_INT_CONVERSION = YES;
				CLANG_WARN_NON_LITERAL_NULL_CONVERSION = YES;
				CLANG_WARN_OBJC_IMPLICIT_RETAIN_SELF = YES;
				CLANG_WARN_OBJC_LITERAL_CONVERSION = YES;
				CLANG_WARN_OBJC_ROOT_CLASS = YES_ERROR;
				CLANG_WARN_QUOTED_INCLUDE_IN_FRAMEWORK_HEADER = YES;
				CLANG_WARN_RANGE_LOOP_ANALYSIS = YES;
				CLANG_WARN_STRICT_PROTOTYPES = YES;
				CLANG_WARN_SUSPICIOUS_MOVE = YES;
				CLANG_WARN_UNGUARDED_AVAILABILITY = YES_AGGRESSIVE;
				CLANG_WARN_UNREACHABLE_CODE = YES;
				CLANG_WARN__DUPLICATE_METHOD_MATCH = YES;
				COPY_PHASE_STRIP = NO;
				DEBUG_INFORMATION_FORMAT = dwarf;
				ENABLE_STRICT_OBJC_MSGSEND = YES;
				ENABLE_TESTABILITY = YES;
				GCC_C_LANGUAGE_STANDARD = gnu11;
				GCC_DYNAMIC_NO_PIC = NO;
				GCC_NO_COMMON_BLOCKS = YES;
				GCC_OPTIMIZATION_LEVEL = 0;
				GCC_PREPROCESSOR_DEFINITIONS = (
					"DEBUG=1",
					"$(inherited)",
				);
				GCC_WARN_64_TO_32_BIT_CONVERSION = YES;
				GCC_WARN_ABOUT_RETURN_TYPE = YES_ERROR;
				GCC_WARN_UNDECLARED_SELECTOR = YES;
				GCC_WARN_UNINITIALIZED_AUTOS = YES_AGGRESSIVE;
				GCC_WARN_UNUSED_FUNCTION = YES;
				GCC_WARN_UNUSED_VARIABLE = YES;
				IPHONEOS_DEPLOYMENT_TARGET = 15.5;
				MTL_ENABLE_DEBUG_INFO = INCLUDE_SOURCE;
				MTL_FAST_MATH = YES;
				ONLY_ACTIVE_ARCH = YES;
				SDKROOT = iphoneos;
				SWIFT_ACTIVE_COMPILATION_CONDITIONS = DEBUG;
				SWIFT_OPTIMIZATION_LEVEL = "-Onone";
			};
			name = Debug;
		};
		0C664C292884FEC70067F538 /* Release */ = {
			isa = XCBuildConfiguration;
			buildSettings = {
				ALWAYS_SEARCH_USER_PATHS = NO;
				CLANG_ANALYZER_NONNULL = YES;
				CLANG_ANALYZER_NUMBER_OBJECT_CONVERSION = YES_AGGRESSIVE;
				CLANG_CXX_LANGUAGE_STANDARD = "gnu++17";
				CLANG_ENABLE_MODULES = YES;
				CLANG_ENABLE_OBJC_ARC = YES;
				CLANG_ENABLE_OBJC_WEAK = YES;
				CLANG_WARN_BLOCK_CAPTURE_AUTORELEASING = YES;
				CLANG_WARN_BOOL_CONVERSION = YES;
				CLANG_WARN_COMMA = YES;
				CLANG_WARN_CONSTANT_CONVERSION = YES;
				CLANG_WARN_DEPRECATED_OBJC_IMPLEMENTATIONS = YES;
				CLANG_WARN_DIRECT_OBJC_ISA_USAGE = YES_ERROR;
				CLANG_WARN_DOCUMENTATION_COMMENTS = YES;
				CLANG_WARN_EMPTY_BODY = YES;
				CLANG_WARN_ENUM_CONVERSION = YES;
				CLANG_WARN_INFINITE_RECURSION = YES;
				CLANG_WARN_INT_CONVERSION = YES;
				CLANG_WARN_NON_LITERAL_NULL_CONVERSION = YES;
				CLANG_WARN_OBJC_IMPLICIT_RETAIN_SELF = YES;
				CLANG_WARN_OBJC_LITERAL_CONVERSION = YES;
				CLANG_WARN_OBJC_ROOT_CLASS = YES_ERROR;
				CLANG_WARN_QUOTED_INCLUDE_IN_FRAMEWORK_HEADER = YES;
				CLANG_WARN_RANGE_LOOP_ANALYSIS = YES;
				CLANG_WARN_STRICT_PROTOTYPES = YES;
				CLANG_WARN_SUSPICIOUS_MOVE = YES;
				CLANG_WARN_UNGUARDED_AVAILABILITY = YES_AGGRESSIVE;
				CLANG_WARN_UNREACHABLE_CODE = YES;
				CLANG_WARN__DUPLICATE_METHOD_MATCH = YES;
				COPY_PHASE_STRIP = NO;
				DEBUG_INFORMATION_FORMAT = "dwarf-with-dsym";
				ENABLE_NS_ASSERTIONS = NO;
				ENABLE_STRICT_OBJC_MSGSEND = YES;
				GCC_C_LANGUAGE_STANDARD = gnu11;
				GCC_NO_COMMON_BLOCKS = YES;
				GCC_WARN_64_TO_32_BIT_CONVERSION = YES;
				GCC_WARN_ABOUT_RETURN_TYPE = YES_ERROR;
				GCC_WARN_UNDECLARED_SELECTOR = YES;
				GCC_WARN_UNINITIALIZED_AUTOS = YES_AGGRESSIVE;
				GCC_WARN_UNUSED_FUNCTION = YES;
				GCC_WARN_UNUSED_VARIABLE = YES;
				IPHONEOS_DEPLOYMENT_TARGET = 15.5;
				MTL_ENABLE_DEBUG_INFO = NO;
				MTL_FAST_MATH = YES;
				SDKROOT = iphoneos;
				SWIFT_COMPILATION_MODE = wholemodule;
				SWIFT_OPTIMIZATION_LEVEL = "-O";
				VALIDATE_PRODUCT = YES;
			};
			name = Release;
		};
		0C664C2B2884FEC70067F538 /* Debug */ = {
			isa = XCBuildConfiguration;
			buildSettings = {
				ASSETCATALOG_COMPILER_APPICON_NAME = AppIcon;
				ASSETCATALOG_COMPILER_GLOBAL_ACCENT_COLOR_NAME = AccentColor;
				CODE_SIGN_IDENTITY = "Apple Development";
				CODE_SIGN_STYLE = Automatic;
				CURRENT_PROJECT_VERSION = 1;
				DEVELOPMENT_TEAM = Y89LJ6BC92;
				GENERATE_INFOPLIST_FILE = YES;
				INFOPLIST_FILE = PhotyPicker/Info.plist;
				INFOPLIST_KEY_NSPhotoLibraryUsageDescription = "사진 사용 권한 팝업";
				INFOPLIST_KEY_UIApplicationSupportsIndirectInputEvents = YES;
				INFOPLIST_KEY_UILaunchStoryboardName = LaunchScreen;
				INFOPLIST_KEY_UIMainStoryboardFile = Main;
				INFOPLIST_KEY_UISupportedInterfaceOrientations_iPad = "UIInterfaceOrientationPortrait UIInterfaceOrientationPortraitUpsideDown UIInterfaceOrientationLandscapeLeft UIInterfaceOrientationLandscapeRight";
				INFOPLIST_KEY_UISupportedInterfaceOrientations_iPhone = "UIInterfaceOrientationPortrait UIInterfaceOrientationLandscapeLeft UIInterfaceOrientationLandscapeRight";
				LD_RUNPATH_SEARCH_PATHS = (
					"$(inherited)",
					"@executable_path/Frameworks",
				);
				MARKETING_VERSION = 1.0;
				PRODUCT_BUNDLE_IDENTIFIER = com.yyjyyj333.newpicker;
				PRODUCT_NAME = "$(TARGET_NAME)";
				PROVISIONING_PROFILE_SPECIFIER = "";
				SWIFT_EMIT_LOC_STRINGS = YES;
				SWIFT_VERSION = 5.0;
				TARGETED_DEVICE_FAMILY = 1;
			};
			name = Debug;
		};
		0C664C2C2884FEC70067F538 /* Release */ = {
			isa = XCBuildConfiguration;
			buildSettings = {
				ASSETCATALOG_COMPILER_APPICON_NAME = AppIcon;
				ASSETCATALOG_COMPILER_GLOBAL_ACCENT_COLOR_NAME = AccentColor;
				CODE_SIGN_IDENTITY = "Apple Development";
				CODE_SIGN_STYLE = Automatic;
				CURRENT_PROJECT_VERSION = 1;
				DEVELOPMENT_TEAM = Y89LJ6BC92;
				GENERATE_INFOPLIST_FILE = YES;
				INFOPLIST_FILE = PhotyPicker/Info.plist;
				INFOPLIST_KEY_NSPhotoLibraryUsageDescription = "사진 사용 권한 팝업";
				INFOPLIST_KEY_UIApplicationSupportsIndirectInputEvents = YES;
				INFOPLIST_KEY_UILaunchStoryboardName = LaunchScreen;
				INFOPLIST_KEY_UIMainStoryboardFile = Main;
				INFOPLIST_KEY_UISupportedInterfaceOrientations_iPad = "UIInterfaceOrientationPortrait UIInterfaceOrientationPortraitUpsideDown UIInterfaceOrientationLandscapeLeft UIInterfaceOrientationLandscapeRight";
				INFOPLIST_KEY_UISupportedInterfaceOrientations_iPhone = "UIInterfaceOrientationPortrait UIInterfaceOrientationLandscapeLeft UIInterfaceOrientationLandscapeRight";
				LD_RUNPATH_SEARCH_PATHS = (
					"$(inherited)",
					"@executable_path/Frameworks",
				);
				MARKETING_VERSION = 1.0;
				PRODUCT_BUNDLE_IDENTIFIER = com.yyjyyj333.newpicker;
				PRODUCT_NAME = "$(TARGET_NAME)";
				PROVISIONING_PROFILE_SPECIFIER = "";
				SWIFT_EMIT_LOC_STRINGS = YES;
				SWIFT_VERSION = 5.0;
				TARGETED_DEVICE_FAMILY = 1;
			};
			name = Release;
		};
/* End XCBuildConfiguration section */

/* Begin XCConfigurationList section */
		0C664C112884FEC50067F538 /* Build configuration list for PBXProject "PhotyPicker" */ = {
			isa = XCConfigurationList;
			buildConfigurations = (
				0C664C282884FEC70067F538 /* Debug */,
				0C664C292884FEC70067F538 /* Release */,
			);
			defaultConfigurationIsVisible = 0;
			defaultConfigurationName = Release;
		};
		0C664C2A2884FEC70067F538 /* Build configuration list for PBXNativeTarget "PhotyPicker" */ = {
			isa = XCConfigurationList;
			buildConfigurations = (
				0C664C2B2884FEC70067F538 /* Debug */,
				0C664C2C2884FEC70067F538 /* Release */,
			);
			defaultConfigurationIsVisible = 0;
			defaultConfigurationName = Release;
		};
/* End XCConfigurationList section */

/* Begin XCRemoteSwiftPackageReference section */
		0C664C33288520F00067F538 /* XCRemoteSwiftPackageReference "firebase-ios-sdk" */ = {
			isa = XCRemoteSwiftPackageReference;
			repositoryURL = "https://github.com/firebase/firebase-ios-sdk";
			requirement = {
				kind = upToNextMajorVersion;
				minimumVersion = 9.0.0;
			};
		};
		0C664C4C28852C380067F538 /* XCRemoteSwiftPackageReference "firebase-ios-sdk" */ = {
			isa = XCRemoteSwiftPackageReference;
			repositoryURL = "https://github.com/firebase/firebase-ios-sdk";
			requirement = {
				branch = master;
				kind = branch;
			};
		};
/* End XCRemoteSwiftPackageReference section */

/* Begin XCSwiftPackageProductDependency section */
		0C664C34288520F00067F538 /* FirebaseAnalytics */ = {
			isa = XCSwiftPackageProductDependency;
			package = 0C664C33288520F00067F538 /* XCRemoteSwiftPackageReference "firebase-ios-sdk" */;
			productName = FirebaseAnalytics;
		};
		0C664C36288520F00067F538 /* FirebaseAnalyticsOnDeviceConversion */ = {
			isa = XCSwiftPackageProductDependency;
			package = 0C664C33288520F00067F538 /* XCRemoteSwiftPackageReference "firebase-ios-sdk" */;
			productName = FirebaseAnalyticsOnDeviceConversion;
		};
		0C664C38288520F00067F538 /* FirebaseAnalyticsSwift */ = {
			isa = XCSwiftPackageProductDependency;
			package = 0C664C33288520F00067F538 /* XCRemoteSwiftPackageReference "firebase-ios-sdk" */;
			productName = FirebaseAnalyticsSwift;
		};
		0C664C3A288520F00067F538 /* FirebaseAnalyticsWithoutAdIdSupport */ = {
			isa = XCSwiftPackageProductDependency;
			package = 0C664C33288520F00067F538 /* XCRemoteSwiftPackageReference "firebase-ios-sdk" */;
			productName = FirebaseAnalyticsWithoutAdIdSupport;
		};
		0C664C3C288520F00067F538 /* FirebaseCrashlytics */ = {
			isa = XCSwiftPackageProductDependency;
			package = 0C664C33288520F00067F538 /* XCRemoteSwiftPackageReference "firebase-ios-sdk" */;
			productName = FirebaseCrashlytics;
		};
		0C664C3E288520F00067F538 /* FirebaseDynamicLinks */ = {
			isa = XCSwiftPackageProductDependency;
			package = 0C664C33288520F00067F538 /* XCRemoteSwiftPackageReference "firebase-ios-sdk" */;
			productName = FirebaseDynamicLinks;
		};
		0C664C40288520F00067F538 /* FirebaseInAppMessaging-Beta */ = {
			isa = XCSwiftPackageProductDependency;
			package = 0C664C33288520F00067F538 /* XCRemoteSwiftPackageReference "firebase-ios-sdk" */;
			productName = "FirebaseInAppMessaging-Beta";
		};
		0C664C42288520F00067F538 /* FirebaseInAppMessagingSwift-Beta */ = {
			isa = XCSwiftPackageProductDependency;
			package = 0C664C33288520F00067F538 /* XCRemoteSwiftPackageReference "firebase-ios-sdk" */;
			productName = "FirebaseInAppMessagingSwift-Beta";
		};
		0C664C44288520F00067F538 /* FirebaseMessaging */ = {
			isa = XCSwiftPackageProductDependency;
			package = 0C664C33288520F00067F538 /* XCRemoteSwiftPackageReference "firebase-ios-sdk" */;
			productName = FirebaseMessaging;
		};
		0C664C46288520F00067F538 /* FirebaseRemoteConfig */ = {
			isa = XCSwiftPackageProductDependency;
			package = 0C664C33288520F00067F538 /* XCRemoteSwiftPackageReference "firebase-ios-sdk" */;
			productName = FirebaseRemoteConfig;
		};
		0C664C48288520F00067F538 /* FirebaseRemoteConfigSwift */ = {
			isa = XCSwiftPackageProductDependency;
			package = 0C664C33288520F00067F538 /* XCRemoteSwiftPackageReference "firebase-ios-sdk" */;
			productName = FirebaseRemoteConfigSwift;
		};
		0C664C4D28852C380067F538 /* FirebaseAnalytics */ = {
			isa = XCSwiftPackageProductDependency;
			package = 0C664C4C28852C380067F538 /* XCRemoteSwiftPackageReference "firebase-ios-sdk" */;
			productName = FirebaseAnalytics;
		};
		0C664C4F28852C380067F538 /* FirebaseAnalyticsOnDeviceConversion */ = {
			isa = XCSwiftPackageProductDependency;
			package = 0C664C4C28852C380067F538 /* XCRemoteSwiftPackageReference "firebase-ios-sdk" */;
			productName = FirebaseAnalyticsOnDeviceConversion;
		};
		0C664C5128852C380067F538 /* FirebaseAnalyticsSwift */ = {
			isa = XCSwiftPackageProductDependency;
			package = 0C664C4C28852C380067F538 /* XCRemoteSwiftPackageReference "firebase-ios-sdk" */;
			productName = FirebaseAnalyticsSwift;
		};
		0C664C5328852C380067F538 /* FirebaseAnalyticsWithoutAdIdSupport */ = {
			isa = XCSwiftPackageProductDependency;
			package = 0C664C4C28852C380067F538 /* XCRemoteSwiftPackageReference "firebase-ios-sdk" */;
			productName = FirebaseAnalyticsWithoutAdIdSupport;
		};
		0C664C5528852C380067F538 /* FirebaseAppCheck */ = {
			isa = XCSwiftPackageProductDependency;
			package = 0C664C4C28852C380067F538 /* XCRemoteSwiftPackageReference "firebase-ios-sdk" */;
			productName = FirebaseAppCheck;
		};
		0C664C5728852C380067F538 /* FirebaseAppDistribution-Beta */ = {
			isa = XCSwiftPackageProductDependency;
			package = 0C664C4C28852C380067F538 /* XCRemoteSwiftPackageReference "firebase-ios-sdk" */;
			productName = "FirebaseAppDistribution-Beta";
		};
		0C664C5928852C380067F538 /* FirebaseAuth */ = {
			isa = XCSwiftPackageProductDependency;
			package = 0C664C4C28852C380067F538 /* XCRemoteSwiftPackageReference "firebase-ios-sdk" */;
			productName = FirebaseAuth;
		};
		0C664C5B28852C380067F538 /* FirebaseAuthCombine-Community */ = {
			isa = XCSwiftPackageProductDependency;
			package = 0C664C4C28852C380067F538 /* XCRemoteSwiftPackageReference "firebase-ios-sdk" */;
			productName = "FirebaseAuthCombine-Community";
		};
		0C664C5D28852C380067F538 /* FirebaseCrashlytics */ = {
			isa = XCSwiftPackageProductDependency;
			package = 0C664C4C28852C380067F538 /* XCRemoteSwiftPackageReference "firebase-ios-sdk" */;
			productName = FirebaseCrashlytics;
		};
		0C664C5F28852C380067F538 /* FirebaseDatabase */ = {
			isa = XCSwiftPackageProductDependency;
			package = 0C664C4C28852C380067F538 /* XCRemoteSwiftPackageReference "firebase-ios-sdk" */;
			productName = FirebaseDatabase;
		};
		0C664C6128852C380067F538 /* FirebaseDatabaseSwift */ = {
			isa = XCSwiftPackageProductDependency;
			package = 0C664C4C28852C380067F538 /* XCRemoteSwiftPackageReference "firebase-ios-sdk" */;
			productName = FirebaseDatabaseSwift;
		};
		0C664C6328852C380067F538 /* FirebaseDynamicLinks */ = {
			isa = XCSwiftPackageProductDependency;
			package = 0C664C4C28852C380067F538 /* XCRemoteSwiftPackageReference "firebase-ios-sdk" */;
			productName = FirebaseDynamicLinks;
		};
		0C664C6528852C380067F538 /* FirebaseFirestore */ = {
			isa = XCSwiftPackageProductDependency;
			package = 0C664C4C28852C380067F538 /* XCRemoteSwiftPackageReference "firebase-ios-sdk" */;
			productName = FirebaseFirestore;
		};
		0C664C6728852C380067F538 /* FirebaseFirestoreCombine-Community */ = {
			isa = XCSwiftPackageProductDependency;
			package = 0C664C4C28852C380067F538 /* XCRemoteSwiftPackageReference "firebase-ios-sdk" */;
			productName = "FirebaseFirestoreCombine-Community";
		};
		0C664C6928852C380067F538 /* FirebaseFirestoreSwift */ = {
			isa = XCSwiftPackageProductDependency;
			package = 0C664C4C28852C380067F538 /* XCRemoteSwiftPackageReference "firebase-ios-sdk" */;
			productName = FirebaseFirestoreSwift;
		};
		0C664C6B28852C380067F538 /* FirebaseFunctions */ = {
			isa = XCSwiftPackageProductDependency;
			package = 0C664C4C28852C380067F538 /* XCRemoteSwiftPackageReference "firebase-ios-sdk" */;
			productName = FirebaseFunctions;
		};
		0C664C6D28852C380067F538 /* FirebaseFunctionsCombine-Community */ = {
			isa = XCSwiftPackageProductDependency;
			package = 0C664C4C28852C380067F538 /* XCRemoteSwiftPackageReference "firebase-ios-sdk" */;
			productName = "FirebaseFunctionsCombine-Community";
		};
		0C664C6F28852C380067F538 /* FirebaseInAppMessaging-Beta */ = {
			isa = XCSwiftPackageProductDependency;
			package = 0C664C4C28852C380067F538 /* XCRemoteSwiftPackageReference "firebase-ios-sdk" */;
			productName = "FirebaseInAppMessaging-Beta";
		};
		0C664C7128852C380067F538 /* FirebaseInAppMessagingSwift-Beta */ = {
			isa = XCSwiftPackageProductDependency;
			package = 0C664C4C28852C380067F538 /* XCRemoteSwiftPackageReference "firebase-ios-sdk" */;
			productName = "FirebaseInAppMessagingSwift-Beta";
		};
		0C664C7328852C380067F538 /* FirebaseInstallations */ = {
			isa = XCSwiftPackageProductDependency;
			package = 0C664C4C28852C380067F538 /* XCRemoteSwiftPackageReference "firebase-ios-sdk" */;
			productName = FirebaseInstallations;
		};
		0C664C7528852C380067F538 /* FirebaseMLModelDownloader */ = {
			isa = XCSwiftPackageProductDependency;
			package = 0C664C4C28852C380067F538 /* XCRemoteSwiftPackageReference "firebase-ios-sdk" */;
			productName = FirebaseMLModelDownloader;
		};
		0C664C7728852C380067F538 /* FirebaseMessaging */ = {
			isa = XCSwiftPackageProductDependency;
			package = 0C664C4C28852C380067F538 /* XCRemoteSwiftPackageReference "firebase-ios-sdk" */;
			productName = FirebaseMessaging;
		};
		0C664C7928852C380067F538 /* FirebasePerformance */ = {
			isa = XCSwiftPackageProductDependency;
			package = 0C664C4C28852C380067F538 /* XCRemoteSwiftPackageReference "firebase-ios-sdk" */;
			productName = FirebasePerformance;
		};
		0C664C7B28852C380067F538 /* FirebaseRemoteConfig */ = {
			isa = XCSwiftPackageProductDependency;
			package = 0C664C4C28852C380067F538 /* XCRemoteSwiftPackageReference "firebase-ios-sdk" */;
			productName = FirebaseRemoteConfig;
		};
		0C664C7D28852C380067F538 /* FirebaseRemoteConfigSwift */ = {
			isa = XCSwiftPackageProductDependency;
			package = 0C664C4C28852C380067F538 /* XCRemoteSwiftPackageReference "firebase-ios-sdk" */;
			productName = FirebaseRemoteConfigSwift;
		};
		0C664C7F28852C380067F538 /* FirebaseStorage */ = {
			isa = XCSwiftPackageProductDependency;
			package = 0C664C4C28852C380067F538 /* XCRemoteSwiftPackageReference "firebase-ios-sdk" */;
			productName = FirebaseStorage;
		};
		0C664C8128852C380067F538 /* FirebaseStorageCombine-Community */ = {
			isa = XCSwiftPackageProductDependency;
			package = 0C664C4C28852C380067F538 /* XCRemoteSwiftPackageReference "firebase-ios-sdk" */;
			productName = "FirebaseStorageCombine-Community";
		};
/* End XCSwiftPackageProductDependency section */
	};
	rootObject = 0C664C0E2884FEC50067F538 /* Project object */;
}
